hash: 5c331ba78d19a7a22efdf6c2f240dbef05821cfcf1e21774033a4ac735444ba9
updated: 2017-05-17T19:58:09.464074371Z
imports:
- name: github.com/bobziuchkovski/cue
  version: 852726be06b5c373580e50301c29f53f642f65ec
  subpackages:
  - collector
  - format
  - hosted
- name: github.com/davecgh/go-spew
  version: 5215b55f46b2b919f50a1df0eaa5886afe4e3b3d
  subpackages:
  - spew
- name: github.com/eapache/go-resiliency
  version: b86b1ec0dd4209a588dc1285cdd471e73525c0b3
  subpackages:
  - breaker
- name: github.com/eapache/go-xerial-snappy
  version: bb955e01b9346ac19dc29eb16586c90ded99a98c
- name: github.com/eapache/queue
  version: 44cc805cf13205b55f69e14bcb69867d1ae92f98
- name: github.com/gin-gonic/gin
  version: d5b353c5d5a560322e6d96121c814115562501f7
  subpackages:
  - binding
  - render
- name: github.com/golang/protobuf
  version: 2402d76f3d41f928c7902a765dfc872356dd3aad
  subpackages:
  - proto
- name: github.com/golang/snappy
  version: 553a641470496b2327abcac10b36396bd98e45c9
- name: github.com/inconshreveable/mousetrap
  version: 76626ae9c91c4f2a10f34cad8ce83ea42c93bb75
- name: github.com/manucorporat/sse
  version: ee05b128a739a0fb76c7ebd3ae4810c1de808d6d
- name: github.com/mattn/go-isatty
  version: fc9e8d8ef48496124e79ae0df75490096eccf6fe
- name: github.com/pierrec/lz4
  version: 88df27974e3644957507a1ca1866edc8e98d4897
- name: github.com/pierrec/xxHash
  version: 5a004441f897722c627870a981d02b29924215fa
  subpackages:
  - xxHash32
- name: github.com/rcrowley/go-metrics
  version: 1f30fe9094a513ce4c700b9a54458bbb0c96996c
  subpackages:
  - exp
- name: github.com/remerge/go-env
  version: 75541912f9832307d685b9642d0c984cbb252210
- name: github.com/remerge/go-lock_free_timer
  version: ce8dfacfb411757badd5be536e4e7b8c40f5e44e
- name: github.com/remerge/go-timestr
  version: ff3620671690ff5f8e5f365e3a99190b2394ed85
- name: github.com/remerge/go-tracker
  version: dd2ef59c50479314dcf411bce258172f02611d19
- name: github.com/remerge/go-xorshift
  version: d47546b42ea9c5e7794a31b3fac844a12f45e390
  subpackages:
  - uuid
- name: github.com/Shopify/sarama
  version: c01858abb625b73a3af51d0798e4ad42c8147093
- name: github.com/spf13/cobra
  version: 4cdb38c072b86bf795d2c81de50784d9fdd6eb77
- name: github.com/spf13/pflag
  version: e57e3eeb33f795204c1ca35f56c44f83227c6e66
- name: github.com/tylerb/graceful
  version: d72b0151351a13d0421b763b88f791469c4f5dc7
- name: golang.org/x/net
  version: f315505cf3349909cdf013ea56690da34e96a451
  subpackages:
  - context
- name: golang.org/x/sys
  version: 98b5b1e7e80eb60271c8dc4eba6521ec2c3e811e
  subpackages:
  - unix
- name: gopkg.in/go-playground/validator.v8
  version: c193cecd124b5cc722d7ee5538e945bdb3348435
- name: gopkg.in/yaml.v2
  version: cd8b52f8269e0feb286dfeef29f8fe4d5b397e0b
testImports: []
