hash: 91739b53bbf8be245fa09050a8c28f3eaf28baf9905a53ea92558b64bbf08aac
updated: 2018-04-19T16:25:45.528853838+02:00
imports:
- name: github.com/cenkalti/backoff
  version: 309aa717adbf351e92864cbedf9cca0b769a4b5a
- name: github.com/davecgh/go-spew
  version: 8991bc29aa16c548c550c7ff78260e27b9ab7c73
  subpackages:
  - spew
- name: github.com/eapache/go-resiliency
  version: ea41b0fad31007accc7f806884dcdf3da98b79ce
  subpackages:
  - breaker
- name: github.com/eapache/go-xerial-snappy
  version: bb955e01b9346ac19dc29eb16586c90ded99a98c
- name: github.com/eapache/queue
  version: 44cc805cf13205b55f69e14bcb69867d1ae92f98
- name: github.com/gin-contrib/sse
  version: 22d885f9ecc78bf4ee5d72b937e4bbcdc58e8cae
- name: github.com/gin-gonic/gin
  version: 46662e700bd20289503475770dbf0384e43398eb
  subpackages:
  - binding
  - json
  - render
- name: github.com/golang/protobuf
  version: bbd03ef6da3a115852eaf24c8a1c46aeb39aa175
  subpackages:
  - proto
- name: github.com/golang/snappy
  version: 553a641470496b2327abcac10b36396bd98e45c9
- name: github.com/inconshreveable/mousetrap
  version: 76626ae9c91c4f2a10f34cad8ce83ea42c93bb75
- name: github.com/json-iterator/go
  version: 7b060ec866c0d20af834ee3bb4bc5378bcfb3031
- name: github.com/mattn/go-isatty
  version: 6ca4dbf54d38eea1a992b3c722a76a5d1c4cb25c
- name: github.com/pierrec/lz4
  version: 2fcda4cb7018ce05a25959d2fe08c83e3329f169
- name: github.com/pierrec/xxHash
  version: a0006b13c722f7f12368c00a3d3c2ae8a999a0c6
  subpackages:
  - xxHash32
- name: github.com/rcrowley/go-metrics
  version: e181e095bae94582363434144c61a9653aff6e50
  subpackages:
  - exp
- name: github.com/remerge/cue
  version: 5ce627d813ef214d807f1a0ce88bf1ab48bf1f1c
  subpackages:
  - collector
  - format
  - hosted
- name: github.com/remerge/go-env
  version: 4de48725234fac1aff0d580ef3215c5efe1b41c1
- name: github.com/remerge/go-lock_free_timer
  version: 198222a260ed873fd60f4b6014bcf4b550dcf01f
- name: github.com/remerge/go-timestr
  version: 6d104352246ec1352a09c681f5ea4dd2335a71e8
- name: github.com/remerge/go-tracker
  version: e9f519cc25f113efba9502f0924c9bebfad4c573
- name: github.com/remerge/go-xorshift
  version: 930dc4b93c3a7faa6e3558a5b755ec6d9b536aa4
- name: github.com/Shopify/sarama
  version: d5db63578d3ea401034698009e8fb88e31951962
- name: github.com/spf13/cobra
  version: ccaecb155a2177302cb56cae929251a256d0f646
- name: github.com/spf13/pflag
  version: 4c012f6dcd9546820e378d0bdda4d8fc772cdfea
- name: github.com/stretchr/testify
  version: 12b6f73e6084dad08a7c6e575284b177ecafbc71
  subpackages:
  - assert
  - require
- name: github.com/tylerb/graceful
  version: d72b0151351a13d0421b763b88f791469c4f5dc7
- name: github.com/ugorji/go
  version: 0e0d6e869525973a9b36093f6ddc9d91b9fc2d71
  subpackages:
  - codec
- name: golang.org/x/net
  version: d866cfc389cec985d6fda2859936a575a55a3ab6
  subpackages:
  - context
- name: golang.org/x/sys
  version: d818ba11af4465e00c1998bd3f8a55603b422290
  subpackages:
  - unix
- name: gopkg.in/go-playground/validator.v8
  version: 5f1438d3fca68893a817e4a66806cea46a9e4ebf
- name: gopkg.in/yaml.v2
  version: 287cf08546ab5e7e37d55a84f7ed3fd1db036de5
testImports:
- name: github.com/pmezard/go-difflib
  version: 792786c7400a136282c1664665ae0a8db921c6c2
  subpackages:
  - difflib
